
Microsoft Visual Studio Solution File, Format Version 12.00
# Visual Studio Version 17
VisualStudioVersion = 17.10.34928.147
MinimumVisualStudioVersion = 10.0.40219.1
Project("{F184B08F-C81C-45F6-A57F-5ABD9991F28F}") = "WindowsApp1", "WindowsApp1\WindowsApp1.vbproj", "{DD24C4F3-898A-4357-B43B-79219692135C}"
EndProject
Global
	GlobalSection(SolutionConfigurationPlatforms) = preSolution
		Debug|Any CPU = Debug|Any CPU
		Release|Any CPU = Release|Any CPU
	EndGlobalSection
	GlobalSection(ProjectConfigurationPlatforms) = postSolution
		{DD24C4F3-898A-4357-B43B-79219692135C}.Debug|Any CPU.ActiveCfg = Debug|Any CPU
		{DD24C4F3-898A-4357-B43B-79219692135C}.Debug|Any CPU.Build.0 = Debug|Any CPU
		{DD24C4F3-898A-4357-B43B-79219692135C}.Release|Any CPU.ActiveCfg = Release|Any CPU
		{DD24C4F3-898A-4357-B43B-79219692135C}.Release|Any CPU.Build.0 = Release|Any CPU
	EndGlobalSection
	GlobalSection(SolutionProperties) = preSolution
		HideSolutionNode = FALSE
	EndGlobalSection
	GlobalSection(ExtensibilityGlobals) = postSolution
		SolutionGuid = {4CFA5B7E-F468-400C-BE0A-5D895FA7640B}
	EndGlobalSection
EndGlobal
